
Microsoft Visual Studio Solution File, Format Version 12.00
# Visual Studio Version 17
VisualStudioVersion = 17.7.34031.279
MinimumVisualStudioVersion = 10.0.40219.1
Project("{9A19103F-16F7-4668-BE54-9A1E7A4F7556}") = "TestDocker", "TestDocker\TestDocker.csproj", "{43801F74-5902-4EE9-B271-5C9CA0784EFF}"
EndProject
Global
	GlobalSection(SolutionConfigurationPlatforms) = preSolution
		Debug|Any CPU = Debug|Any CPU
		Release|Any CPU = Release|Any CPU
	EndGlobalSection
	GlobalSection(ProjectConfigurationPlatforms) = postSolution
		{43801F74-5902-4EE9-B271-5C9CA0784EFF}.Debug|Any CPU.ActiveCfg = Debug|Any CPU
		{43801F74-5902-4EE9-B271-5C9CA0784EFF}.Debug|Any CPU.Build.0 = Debug|Any CPU
		{43801F74-5902-4EE9-B271-5C9CA0784EFF}.Release|Any CPU.ActiveCfg = Release|Any CPU
		{43801F74-5902-4EE9-B271-5C9CA0784EFF}.Release|Any CPU.Build.0 = Release|Any CPU
	EndGlobalSection
	GlobalSection(SolutionProperties) = preSolution
		HideSolutionNode = FALSE
	EndGlobalSection
	GlobalSection(ExtensibilityGlobals) = postSolution
		SolutionGuid = {6B6F59C4-41AC-4A1D-9F82-115C86F3F3F2}
	EndGlobalSection
EndGlobal
